
Microsoft Visual Studio Solution File, Format Version 12.00
# Visual Studio Version 17
VisualStudioVersion = 17.2.32505.173
MinimumVisualStudioVersion = 10.0.40219.1
Project("{FAE04EC0-301F-11D3-BF4B-00C04F79EFBC}") = "FileTransferHost", "FileTransferHost\FileTransferHost.csproj", "{016BDBEE-FC72-4368-8C0A-7726A2BC8358}"
EndProject
Global
	GlobalSection(SolutionConfigurationPlatforms) = preSolution
		Debug|Any CPU = Debug|Any CPU
		Release|Any CPU = Release|Any CPU
	EndGlobalSection
	GlobalSection(ProjectConfigurationPlatforms) = postSolution
		{016BDBEE-FC72-4368-8C0A-7726A2BC8358}.Debug|Any CPU.ActiveCfg = Debug|Any CPU
		{016BDBEE-FC72-4368-8C0A-7726A2BC8358}.Debug|Any CPU.Build.0 = Debug|Any CPU
		{016BDBEE-FC72-4368-8C0A-7726A2BC8358}.Release|Any CPU.ActiveCfg = Release|Any CPU
		{016BDBEE-FC72-4368-8C0A-7726A2BC8358}.Release|Any CPU.Build.0 = Release|Any CPU
	EndGlobalSection
	GlobalSection(SolutionProperties) = preSolution
		HideSolutionNode = FALSE
	EndGlobalSection
	GlobalSection(ExtensibilityGlobals) = postSolution
		SolutionGuid = {5A7868B1-02E7-4BB3-B6B0-9E31442E6BDF}
	EndGlobalSection
EndGlobal
